
Microsoft Visual Studio Solution File, Format Version 12.00
# Visual Studio Version 17
VisualStudioVersion = 17.14.36109.1 d17.14
MinimumVisualStudioVersion = 10.0.40219.1
Project("{FAE04EC0-301F-11D3-BF4B-00C04F79EFBC}") = "LibraryApp.Web", "LibraryApp.Web\LibraryApp.Web.csproj", "{00CEA3E5-A6DC-4BB8-8786-81F80900DF2F}"
EndProject
Global
	GlobalSection(SolutionConfigurationPlatforms) = preSolution
		Debug|Any CPU = Debug|Any CPU
		Release|Any CPU = Release|Any CPU
	EndGlobalSection
	GlobalSection(ProjectConfigurationPlatforms) = postSolution
		{00CEA3E5-A6DC-4BB8-8786-81F80900DF2F}.Debug|Any CPU.ActiveCfg = Debug|Any CPU
		{00CEA3E5-A6DC-4BB8-8786-81F80900DF2F}.Debug|Any CPU.Build.0 = Debug|Any CPU
		{00CEA3E5-A6DC-4BB8-8786-81F80900DF2F}.Release|Any CPU.ActiveCfg = Release|Any CPU
		{00CEA3E5-A6DC-4BB8-8786-81F80900DF2F}.Release|Any CPU.Build.0 = Release|Any CPU
	EndGlobalSection
	GlobalSection(SolutionProperties) = preSolution
		HideSolutionNode = FALSE
	EndGlobalSection
	GlobalSection(ExtensibilityGlobals) = postSolution
		SolutionGuid = {0291E339-7BDD-4E92-9561-210F7F58690B}
	EndGlobalSection
EndGlobal
